// !$*UTF8*$!
{
	archiveVersion = 1;
	classes = {
	};
	objectVersion = 56;
	objects = {

/* Begin PBXBuildFile section */
		18E024492C7DAC8A005C2153 /* LastestCollectionViewCell.swift in Sources */ = {isa = PBXBuildFile; fileRef = 18E024482C7DAC8A005C2153 /* LastestCollectionViewCell.swift */; };
		18E0244B2C7DAC9F005C2153 /* SubViewCollectionViewCell.swift in Sources */ = {isa = PBXBuildFile; fileRef = 18E0244A2C7DAC9F005C2153 /* SubViewCollectionViewCell.swift */; };
		259220242C7DFD9700A860AB /* SectionCell.swift in Sources */ = {isa = PBXBuildFile; fileRef = 259220232C7DFD9700A860AB /* SectionCell.swift */; };
		259220262C7EE39900A860AB /* AlarmButtonCollectionViewCell.swift in Sources */ = {isa = PBXBuildFile; fileRef = 259220252C7EE39900A860AB /* AlarmButtonCollectionViewCell.swift */; };
		25D5FF022C7D54A100DCC01C /* AppDelegate.swift in Sources */ = {isa = PBXBuildFile; fileRef = 25D5FF012C7D54A100DCC01C /* AppDelegate.swift */; };
		25D5FF042C7D54A100DCC01C /* SceneDelegate.swift in Sources */ = {isa = PBXBuildFile; fileRef = 25D5FF032C7D54A100DCC01C /* SceneDelegate.swift */; };
		25D5FF062C7D54A100DCC01C /* NavigationController.swift in Sources */ = {isa = PBXBuildFile; fileRef = 25D5FF052C7D54A100DCC01C /* NavigationController.swift */; };
		25D5FF0B2C7D54A200DCC01C /* Assets.xcassets in Resources */ = {isa = PBXBuildFile; fileRef = 25D5FF0A2C7D54A200DCC01C /* Assets.xcassets */; };
		25D5FF0E2C7D54A200DCC01C /* Base in Resources */ = {isa = PBXBuildFile; fileRef = 25D5FF0D2C7D54A200DCC01C /* Base */; };
		25D5FF162C7D561E00DCC01C /* TabBarController.swift in Sources */ = {isa = PBXBuildFile; fileRef = 25D5FF152C7D561E00DCC01C /* TabBarController.swift */; };
		25D5FF182C7D56A800DCC01C /* MainViewController.swift in Sources */ = {isa = PBXBuildFile; fileRef = 25D5FF172C7D56A800DCC01C /* MainViewController.swift */; };
		25D5FF1A2C7D56D000DCC01C /* BaseViewController.swift in Sources */ = {isa = PBXBuildFile; fileRef = 25D5FF192C7D56D000DCC01C /* BaseViewController.swift */; };
		25D5FF1D2C7D58D200DCC01C /* SubViewController.swift in Sources */ = {isa = PBXBuildFile; fileRef = 25D5FF1C2C7D58D200DCC01C /* SubViewController.swift */; };
		25D5FF1F2C7D58F200DCC01C /* AlarmViewController.swift in Sources */ = {isa = PBXBuildFile; fileRef = 25D5FF1E2C7D58F200DCC01C /* AlarmViewController.swift */; };
		25D5FF212C7D591700DCC01C /* BookmarkViewController.swift in Sources */ = {isa = PBXBuildFile; fileRef = 25D5FF202C7D591700DCC01C /* BookmarkViewController.swift */; };
		420B38822C7D6AA100206B36 /* BookMarkCollectionViewCell.swift in Sources */ = {isa = PBXBuildFile; fileRef = 420B38812C7D6AA100206B36 /* BookMarkCollectionViewCell.swift */; };
		420B38852C7D6E5000206B36 /* UIColor+Memo.swift in Sources */ = {isa = PBXBuildFile; fileRef = 420B38842C7D6E5000206B36 /* UIColor+Memo.swift */; };
		420B38872C7D9BFA00206B36 /* TopImageCollectionViewCell.swift in Sources */ = {isa = PBXBuildFile; fileRef = 420B38862C7D9BFA00206B36 /* TopImageCollectionViewCell.swift */; };
		420B38892C7DBA5900206B36 /* FilterSheetViewController.swift in Sources */ = {isa = PBXBuildFile; fileRef = 420B38882C7DBA5900206B36 /* FilterSheetViewController.swift */; };
		420B388B2C7DC96E00206B36 /* SampleAlarmViewController.swift in Sources */ = {isa = PBXBuildFile; fileRef = 420B388A2C7DC96E00206B36 /* SampleAlarmViewController.swift */; };
		420B388E2C7DDCED00206B36 /* MainBanerCell.swift in Sources */ = {isa = PBXBuildFile; fileRef = 420B388D2C7DDCED00206B36 /* MainBanerCell.swift */; };
		420B38902C7DDCF100206B36 /* RecommendCell.swift in Sources */ = {isa = PBXBuildFile; fileRef = 420B388F2C7DDCF100206B36 /* RecommendCell.swift */; };
		420B38922C7DDCF400206B36 /* ShoppingmallListCell.swift in Sources */ = {isa = PBXBuildFile; fileRef = 420B38912C7DDCF400206B36 /* ShoppingmallListCell.swift */; };
		420B38952C7DDD1700206B36 /* MainCollectionCell.swift in Sources */ = {isa = PBXBuildFile; fileRef = 420B38942C7DDD1700206B36 /* MainCollectionCell.swift */; };
		E0438D902C80393C00B7A48A /* DetailViewController.swift in Sources */ = {isa = PBXBuildFile; fileRef = E0438D8F2C80393C00B7A48A /* DetailViewController.swift */; };
/* End PBXBuildFile section */

/* Begin PBXFileReference section */
		18E024482C7DAC8A005C2153 /* LastestCollectionViewCell.swift */ = {isa = PBXFileReference; lastKnownFileType = sourcecode.swift; path = LastestCollectionViewCell.swift; sourceTree = "<group>"; };
		18E0244A2C7DAC9F005C2153 /* SubViewCollectionViewCell.swift */ = {isa = PBXFileReference; lastKnownFileType = sourcecode.swift; path = SubViewCollectionViewCell.swift; sourceTree = "<group>"; };
		259220232C7DFD9700A860AB /* SectionCell.swift */ = {isa = PBXFileReference; lastKnownFileType = sourcecode.swift; path = SectionCell.swift; sourceTree = "<group>"; };
		259220252C7EE39900A860AB /* AlarmButtonCollectionViewCell.swift */ = {isa = PBXFileReference; lastKnownFileType = sourcecode.swift; path = AlarmButtonCollectionViewCell.swift; sourceTree = "<group>"; };
		25D5FEFE2C7D54A100DCC01C /* ListUp.app */ = {isa = PBXFileReference; explicitFileType = wrapper.application; includeInIndex = 0; path = ListUp.app; sourceTree = BUILT_PRODUCTS_DIR; };
		25D5FF012C7D54A100DCC01C /* AppDelegate.swift */ = {isa = PBXFileReference; lastKnownFileType = sourcecode.swift; path = AppDelegate.swift; sourceTree = "<group>"; };
		25D5FF032C7D54A100DCC01C /* SceneDelegate.swift */ = {isa = PBXFileReference; lastKnownFileType = sourcecode.swift; path = SceneDelegate.swift; sourceTree = "<group>"; };
		25D5FF052C7D54A100DCC01C /* NavigationController.swift */ = {isa = PBXFileReference; lastKnownFileType = sourcecode.swift; path = NavigationController.swift; sourceTree = "<group>"; };
		25D5FF0A2C7D54A200DCC01C /* Assets.xcassets */ = {isa = PBXFileReference; lastKnownFileType = folder.assetcatalog; path = Assets.xcassets; sourceTree = "<group>"; };
		25D5FF0D2C7D54A200DCC01C /* Base */ = {isa = PBXFileReference; lastKnownFileType = file.storyboard; name = Base; path = Base.lproj/LaunchScreen.storyboard; sourceTree = "<group>"; };
		25D5FF0F2C7D54A200DCC01C /* Info.plist */ = {isa = PBXFileReference; lastKnownFileType = text.plist.xml; path = Info.plist; sourceTree = "<group>"; };
		25D5FF152C7D561E00DCC01C /* TabBarController.swift */ = {isa = PBXFileReference; lastKnownFileType = sourcecode.swift; path = TabBarController.swift; sourceTree = "<group>"; };
		25D5FF172C7D56A800DCC01C /* MainViewController.swift */ = {isa = PBXFileReference; lastKnownFileType = sourcecode.swift; path = MainViewController.swift; sourceTree = "<group>"; };
		25D5FF192C7D56D000DCC01C /* BaseViewController.swift */ = {isa = PBXFileReference; lastKnownFileType = sourcecode.swift; path = BaseViewController.swift; sourceTree = "<group>"; };
		25D5FF1C2C7D58D200DCC01C /* SubViewController.swift */ = {isa = PBXFileReference; lastKnownFileType = sourcecode.swift; path = SubViewController.swift; sourceTree = "<group>"; };
		25D5FF1E2C7D58F200DCC01C /* AlarmViewController.swift */ = {isa = PBXFileReference; lastKnownFileType = sourcecode.swift; path = AlarmViewController.swift; sourceTree = "<group>"; };
		25D5FF202C7D591700DCC01C /* BookmarkViewController.swift */ = {isa = PBXFileReference; lastKnownFileType = sourcecode.swift; path = BookmarkViewController.swift; sourceTree = "<group>"; };
		420B38812C7D6AA100206B36 /* BookMarkCollectionViewCell.swift */ = {isa = PBXFileReference; lastKnownFileType = sourcecode.swift; path = BookMarkCollectionViewCell.swift; sourceTree = "<group>"; };
		420B38842C7D6E5000206B36 /* UIColor+Memo.swift */ = {isa = PBXFileReference; lastKnownFileType = sourcecode.swift; path = "UIColor+Memo.swift"; sourceTree = "<group>"; };
		420B38862C7D9BFA00206B36 /* TopImageCollectionViewCell.swift */ = {isa = PBXFileReference; lastKnownFileType = sourcecode.swift; path = TopImageCollectionViewCell.swift; sourceTree = "<group>"; };
		420B38882C7DBA5900206B36 /* FilterSheetViewController.swift */ = {isa = PBXFileReference; lastKnownFileType = sourcecode.swift; path = FilterSheetViewController.swift; sourceTree = "<group>"; };
		420B388A2C7DC96E00206B36 /* SampleAlarmViewController.swift */ = {isa = PBXFileReference; lastKnownFileType = sourcecode.swift; path = SampleAlarmViewController.swift; sourceTree = "<group>"; };
		420B388D2C7DDCED00206B36 /* MainBanerCell.swift */ = {isa = PBXFileReference; fileEncoding = 4; lastKnownFileType = sourcecode.swift; path = MainBanerCell.swift; sourceTree = "<group>"; };
		420B388F2C7DDCF100206B36 /* RecommendCell.swift */ = {isa = PBXFileReference; fileEncoding = 4; lastKnownFileType = sourcecode.swift; path = RecommendCell.swift; sourceTree = "<group>"; };
		420B38912C7DDCF400206B36 /* ShoppingmallListCell.swift */ = {isa = PBXFileReference; fileEncoding = 4; lastKnownFileType = sourcecode.swift; path = ShoppingmallListCell.swift; sourceTree = "<group>"; };
		420B38942C7DDD1700206B36 /* MainCollectionCell.swift */ = {isa = PBXFileReference; fileEncoding = 4; lastKnownFileType = sourcecode.swift; name = MainCollectionCell.swift; path = ListUp/ViewControllers/CollectionCell/MainCollectionCell.swift; sourceTree = SOURCE_ROOT; };
		E0438D8F2C80393C00B7A48A /* DetailViewController.swift */ = {isa = PBXFileReference; lastKnownFileType = sourcecode.swift; path = DetailViewController.swift; sourceTree = "<group>"; };
/* End PBXFileReference section */

/* Begin PBXFrameworksBuildPhase section */
		25D5FEFB2C7D54A100DCC01C /* Frameworks */ = {
			isa = PBXFrameworksBuildPhase;
			buildActionMask = 2147483647;
			files = (
			);
			runOnlyForDeploymentPostprocessing = 0;
		};
/* End PBXFrameworksBuildPhase section */

/* Begin PBXGroup section */
		25D5FEF52C7D54A100DCC01C = {
			isa = PBXGroup;
			children = (
				25D5FF002C7D54A100DCC01C /* ListUp */,
				25D5FEFF2C7D54A100DCC01C /* Products */,
			);
			sourceTree = "<group>";
		};
		25D5FEFF2C7D54A100DCC01C /* Products */ = {
			isa = PBXGroup;
			children = (
				25D5FEFE2C7D54A100DCC01C /* ListUp.app */,
			);
			name = Products;
			sourceTree = "<group>";
		};
		25D5FF002C7D54A100DCC01C /* ListUp */ = {
			isa = PBXGroup;
			children = (
				25D5FF012C7D54A100DCC01C /* AppDelegate.swift */,
				25D5FF032C7D54A100DCC01C /* SceneDelegate.swift */,
				25D5FF052C7D54A100DCC01C /* NavigationController.swift */,
				25D5FF0A2C7D54A200DCC01C /* Assets.xcassets */,
				25D5FF0C2C7D54A200DCC01C /* LaunchScreen.storyboard */,
				25D5FF0F2C7D54A200DCC01C /* Info.plist */,
				25D5FF152C7D561E00DCC01C /* TabBarController.swift */,
				420B38832C7D6E3200206B36 /* Extension */,
				25D5FF1B2C7D56E600DCC01C /* ViewControllers */,
			);
			path = ListUp;
			sourceTree = "<group>";
		};
		25D5FF1B2C7D56E600DCC01C /* ViewControllers */ = {
			isa = PBXGroup;
			children = (
				25D5FF222C7D591E00DCC01C /* common */,
				420B38932C7DDCFB00206B36 /* TableCell */,
				420B38962C7DDD3300206B36 /* CollectionCell */,
				25D5FF1C2C7D58D200DCC01C /* SubViewController.swift */,
				18E024482C7DAC8A005C2153 /* LastestCollectionViewCell.swift */,
				25D5FF1E2C7D58F200DCC01C /* AlarmViewController.swift */,
				25D5FF202C7D591700DCC01C /* BookmarkViewController.swift */,
			);
			path = ViewControllers;
			sourceTree = "<group>";
		};
		25D5FF222C7D591E00DCC01C /* common */ = {
			isa = PBXGroup;
			children = (
				25D5FF192C7D56D000DCC01C /* BaseViewController.swift */,
				420B38862C7D9BFA00206B36 /* TopImageCollectionViewCell.swift */,
				420B38882C7DBA5900206B36 /* FilterSheetViewController.swift */,
				420B388A2C7DC96E00206B36 /* SampleAlarmViewController.swift */,
				E0438D8F2C80393C00B7A48A /* DetailViewController.swift */,
			);
			path = common;
			sourceTree = "<group>";
		};
		420B38832C7D6E3200206B36 /* Extension */ = {
			isa = PBXGroup;
			children = (
				420B38842C7D6E5000206B36 /* UIColor+Memo.swift */,
			);
			path = Extension;
			sourceTree = "<group>";
		};
		420B38932C7DDCFB00206B36 /* TableCell */ = {
			isa = PBXGroup;
			children = (
				420B388D2C7DDCED00206B36 /* MainBanerCell.swift */,
				420B388F2C7DDCF100206B36 /* RecommendCell.swift */,
				420B38912C7DDCF400206B36 /* ShoppingmallListCell.swift */,
				259220232C7DFD9700A860AB /* SectionCell.swift */,
			);
			path = TableCell;
			sourceTree = "<group>";
		};
		420B38962C7DDD3300206B36 /* CollectionCell */ = {
			isa = PBXGroup;
			children = (
				25D5FF172C7D56A800DCC01C /* MainViewController.swift */,
				18E0244A2C7DAC9F005C2153 /* SubViewCollectionViewCell.swift */,
				420B38812C7D6AA100206B36 /* BookMarkCollectionViewCell.swift */,
				420B38942C7DDD1700206B36 /* MainCollectionCell.swift */,
				259220252C7EE39900A860AB /* AlarmButtonCollectionViewCell.swift */,
			);
			path = CollectionCell;
			sourceTree = "<group>";
		};
/* End PBXGroup section */

/* Begin PBXNativeTarget section */
		25D5FEFD2C7D54A100DCC01C /* ListUp */ = {
			isa = PBXNativeTarget;
			buildConfigurationList = 25D5FF122C7D54A200DCC01C /* Build configuration list for PBXNativeTarget "ListUp" */;
			buildPhases = (
				25D5FEFA2C7D54A100DCC01C /* Sources */,
				25D5FEFB2C7D54A100DCC01C /* Frameworks */,
				25D5FEFC2C7D54A100DCC01C /* Resources */,
			);
			buildRules = (
			);
			dependencies = (
			);
			name = ListUp;
			productName = ListUp;
			productReference = 25D5FEFE2C7D54A100DCC01C /* ListUp.app */;
			productType = "com.apple.product-type.application";
		};
/* End PBXNativeTarget section */

/* Begin PBXProject section */
		25D5FEF62C7D54A100DCC01C /* Project object */ = {
			isa = PBXProject;
			attributes = {
				BuildIndependentTargetsInParallel = 1;
				LastSwiftUpdateCheck = 1540;
				LastUpgradeCheck = 1540;
				TargetAttributes = {
					25D5FEFD2C7D54A100DCC01C = {
						CreatedOnToolsVersion = 15.4;
					};
				};
			};
			buildConfigurationList = 25D5FEF92C7D54A100DCC01C /* Build configuration list for PBXProject "ListUp" */;
			compatibilityVersion = "Xcode 14.0";
			developmentRegion = en;
			hasScannedForEncodings = 0;
			knownRegions = (
				en,
				Base,
			);
			mainGroup = 25D5FEF52C7D54A100DCC01C;
			productRefGroup = 25D5FEFF2C7D54A100DCC01C /* Products */;
			projectDirPath = "";
			projectRoot = "";
			targets = (
				25D5FEFD2C7D54A100DCC01C /* ListUp */,
			);
		};
/* End PBXProject section */

/* Begin PBXResourcesBuildPhase section */
		25D5FEFC2C7D54A100DCC01C /* Resources */ = {
			isa = PBXResourcesBuildPhase;
			buildActionMask = 2147483647;
			files = (
				25D5FF0B2C7D54A200DCC01C /* Assets.xcassets in Resources */,
				25D5FF0E2C7D54A200DCC01C /* Base in Resources */,
			);
			runOnlyForDeploymentPostprocessing = 0;
		};
/* End PBXResourcesBuildPhase section */

/* Begin PBXSourcesBuildPhase section */
		25D5FEFA2C7D54A100DCC01C /* Sources */ = {
			isa = PBXSourcesBuildPhase;
			buildActionMask = 2147483647;
			files = (
				25D5FF1F2C7D58F200DCC01C /* AlarmViewController.swift in Sources */,
				25D5FF062C7D54A100DCC01C /* NavigationController.swift in Sources */,
				25D5FF162C7D561E00DCC01C /* TabBarController.swift in Sources */,
				420B38852C7D6E5000206B36 /* UIColor+Memo.swift in Sources */,
				420B38952C7DDD1700206B36 /* MainCollectionCell.swift in Sources */,
				420B388B2C7DC96E00206B36 /* SampleAlarmViewController.swift in Sources */,
				25D5FF1D2C7D58D200DCC01C /* SubViewController.swift in Sources */,
				420B38822C7D6AA100206B36 /* BookMarkCollectionViewCell.swift in Sources */,
				18E024492C7DAC8A005C2153 /* LastestCollectionViewCell.swift in Sources */,
				25D5FF1D2C7D58D200DCC01C /* SubViewController.swift in Sources */,
				25D5FF022C7D54A100DCC01C /* AppDelegate.swift in Sources */,
				25D5FF042C7D54A100DCC01C /* SceneDelegate.swift in Sources */,
				420B38872C7D9BFA00206B36 /* TopImageCollectionViewCell.swift in Sources */,
				259220242C7DFD9700A860AB /* SectionCell.swift in Sources */,
				420B388E2C7DDCED00206B36 /* MainBanerCell.swift in Sources */,
				E0438D902C80393C00B7A48A /* DetailViewController.swift in Sources */,
				420B38902C7DDCF100206B36 /* RecommendCell.swift in Sources */,
				420B38892C7DBA5900206B36 /* FilterSheetViewController.swift in Sources */,
				25D5FF182C7D56A800DCC01C /* MainViewController.swift in Sources */,
				18E0244B2C7DAC9F005C2153 /* SubViewCollectionViewCell.swift in Sources */,
				25D5FF212C7D591700DCC01C /* BookmarkViewController.swift in Sources */,
				259220262C7EE39900A860AB /* AlarmButtonCollectionViewCell.swift in Sources */,
				420B38922C7DDCF400206B36 /* ShoppingmallListCell.swift in Sources */,
				25D5FF1A2C7D56D000DCC01C /* BaseViewController.swift in Sources */,
			);
			runOnlyForDeploymentPostprocessing = 0;
		};
/* End PBXSourcesBuildPhase section */

/* Begin PBXVariantGroup section */
		25D5FF0C2C7D54A200DCC01C /* LaunchScreen.storyboard */ = {
			isa = PBXVariantGroup;
			children = (
				25D5FF0D2C7D54A200DCC01C /* Base */,
			);
			name = LaunchScreen.storyboard;
			sourceTree = "<group>";
		};
/* End PBXVariantGroup section */

/* Begin XCBuildConfiguration section */
		25D5FF102C7D54A200DCC01C /* Debug */ = {
			isa = XCBuildConfiguration;
			buildSettings = {
				ALWAYS_SEARCH_USER_PATHS = NO;
				ASSETCATALOG_COMPILER_GENERATE_SWIFT_ASSET_SYMBOL_EXTENSIONS = YES;
				CLANG_ANALYZER_NONNULL = YES;
				CLANG_ANALYZER_NUMBER_OBJECT_CONVERSION = YES_AGGRESSIVE;
				CLANG_CXX_LANGUAGE_STANDARD = "gnu++20";
				CLANG_ENABLE_MODULES = YES;
				CLANG_ENABLE_OBJC_ARC = YES;
				CLANG_ENABLE_OBJC_WEAK = YES;
				CLANG_WARN_BLOCK_CAPTURE_AUTORELEASING = YES;
				CLANG_WARN_BOOL_CONVERSION = YES;
				CLANG_WARN_COMMA = YES;
				CLANG_WARN_CONSTANT_CONVERSION = YES;
				CLANG_WARN_DEPRECATED_OBJC_IMPLEMENTATIONS = YES;
				CLANG_WARN_DIRECT_OBJC_ISA_USAGE = YES_ERROR;
				CLANG_WARN_DOCUMENTATION_COMMENTS = YES;
				CLANG_WARN_EMPTY_BODY = YES;
				CLANG_WARN_ENUM_CONVERSION = YES;
				CLANG_WARN_INFINITE_RECURSION = YES;
				CLANG_WARN_INT_CONVERSION = YES;
				CLANG_WARN_NON_LITERAL_NULL_CONVERSION = YES;
				CLANG_WARN_OBJC_IMPLICIT_RETAIN_SELF = YES;
				CLANG_WARN_OBJC_LITERAL_CONVERSION = YES;
				CLANG_WARN_OBJC_ROOT_CLASS = YES_ERROR;
				CLANG_WARN_QUOTED_INCLUDE_IN_FRAMEWORK_HEADER = YES;
				CLANG_WARN_RANGE_LOOP_ANALYSIS = YES;
				CLANG_WARN_STRICT_PROTOTYPES = YES;
				CLANG_WARN_SUSPICIOUS_MOVE = YES;
				CLANG_WARN_UNGUARDED_AVAILABILITY = YES_AGGRESSIVE;
				CLANG_WARN_UNREACHABLE_CODE = YES;
				CLANG_WARN__DUPLICATE_METHOD_MATCH = YES;
				COPY_PHASE_STRIP = NO;
				DEBUG_INFORMATION_FORMAT = dwarf;
				ENABLE_STRICT_OBJC_MSGSEND = YES;
				ENABLE_TESTABILITY = YES;
				ENABLE_USER_SCRIPT_SANDBOXING = YES;
				GCC_C_LANGUAGE_STANDARD = gnu17;
				GCC_DYNAMIC_NO_PIC = NO;
				GCC_NO_COMMON_BLOCKS = YES;
				GCC_OPTIMIZATION_LEVEL = 0;
				GCC_PREPROCESSOR_DEFINITIONS = (
					"DEBUG=1",
					"$(inherited)",
				);
				GCC_WARN_64_TO_32_BIT_CONVERSION = YES;
				GCC_WARN_ABOUT_RETURN_TYPE = YES_ERROR;
				GCC_WARN_UNDECLARED_SELECTOR = YES;
				GCC_WARN_UNINITIALIZED_AUTOS = YES_AGGRESSIVE;
				GCC_WARN_UNUSED_FUNCTION = YES;
				GCC_WARN_UNUSED_VARIABLE = YES;
				IPHONEOS_DEPLOYMENT_TARGET = 17.5;
				LOCALIZATION_PREFERS_STRING_CATALOGS = YES;
				MTL_ENABLE_DEBUG_INFO = INCLUDE_SOURCE;
				MTL_FAST_MATH = YES;
				ONLY_ACTIVE_ARCH = YES;
				SDKROOT = iphoneos;
				SWIFT_ACTIVE_COMPILATION_CONDITIONS = "DEBUG $(inherited)";
				SWIFT_OPTIMIZATION_LEVEL = "-Onone";
			};
			name = Debug;
		};
		25D5FF112C7D54A200DCC01C /* Release */ = {
			isa = XCBuildConfiguration;
			buildSettings = {
				ALWAYS_SEARCH_USER_PATHS = NO;
				ASSETCATALOG_COMPILER_GENERATE_SWIFT_ASSET_SYMBOL_EXTENSIONS = YES;
				CLANG_ANALYZER_NONNULL = YES;
				CLANG_ANALYZER_NUMBER_OBJECT_CONVERSION = YES_AGGRESSIVE;
				CLANG_CXX_LANGUAGE_STANDARD = "gnu++20";
				CLANG_ENABLE_MODULES = YES;
				CLANG_ENABLE_OBJC_ARC = YES;
				CLANG_ENABLE_OBJC_WEAK = YES;
				CLANG_WARN_BLOCK_CAPTURE_AUTORELEASING = YES;
				CLANG_WARN_BOOL_CONVERSION = YES;
				CLANG_WARN_COMMA = YES;
				CLANG_WARN_CONSTANT_CONVERSION = YES;
				CLANG_WARN_DEPRECATED_OBJC_IMPLEMENTATIONS = YES;
				CLANG_WARN_DIRECT_OBJC_ISA_USAGE = YES_ERROR;
				CLANG_WARN_DOCUMENTATION_COMMENTS = YES;
				CLANG_WARN_EMPTY_BODY = YES;
				CLANG_WARN_ENUM_CONVERSION = YES;
				CLANG_WARN_INFINITE_RECURSION = YES;
				CLANG_WARN_INT_CONVERSION = YES;
				CLANG_WARN_NON_LITERAL_NULL_CONVERSION = YES;
				CLANG_WARN_OBJC_IMPLICIT_RETAIN_SELF = YES;
				CLANG_WARN_OBJC_LITERAL_CONVERSION = YES;
				CLANG_WARN_OBJC_ROOT_CLASS = YES_ERROR;
				CLANG_WARN_QUOTED_INCLUDE_IN_FRAMEWORK_HEADER = YES;
				CLANG_WARN_RANGE_LOOP_ANALYSIS = YES;
				CLANG_WARN_STRICT_PROTOTYPES = YES;
				CLANG_WARN_SUSPICIOUS_MOVE = YES;
				CLANG_WARN_UNGUARDED_AVAILABILITY = YES_AGGRESSIVE;
				CLANG_WARN_UNREACHABLE_CODE = YES;
				CLANG_WARN__DUPLICATE_METHOD_MATCH = YES;
				COPY_PHASE_STRIP = NO;
				DEBUG_INFORMATION_FORMAT = "dwarf-with-dsym";
				ENABLE_NS_ASSERTIONS = NO;
				ENABLE_STRICT_OBJC_MSGSEND = YES;
				ENABLE_USER_SCRIPT_SANDBOXING = YES;
				GCC_C_LANGUAGE_STANDARD = gnu17;
				GCC_NO_COMMON_BLOCKS = YES;
				GCC_WARN_64_TO_32_BIT_CONVERSION = YES;
				GCC_WARN_ABOUT_RETURN_TYPE = YES_ERROR;
				GCC_WARN_UNDECLARED_SELECTOR = YES;
				GCC_WARN_UNINITIALIZED_AUTOS = YES_AGGRESSIVE;
				GCC_WARN_UNUSED_FUNCTION = YES;
				GCC_WARN_UNUSED_VARIABLE = YES;
				IPHONEOS_DEPLOYMENT_TARGET = 17.5;
				LOCALIZATION_PREFERS_STRING_CATALOGS = YES;
				MTL_ENABLE_DEBUG_INFO = NO;
				MTL_FAST_MATH = YES;
				SDKROOT = iphoneos;
				SWIFT_COMPILATION_MODE = wholemodule;
				VALIDATE_PRODUCT = YES;
			};
			name = Release;
		};
		25D5FF132C7D54A200DCC01C /* Debug */ = {
			isa = XCBuildConfiguration;
			buildSettings = {
				ASSETCATALOG_COMPILER_APPICON_NAME = "AppIcon 1";
				ASSETCATALOG_COMPILER_GLOBAL_ACCENT_COLOR_NAME = AccentColor;
				CODE_SIGN_STYLE = Automatic;
				CURRENT_PROJECT_VERSION = 1;
				DEVELOPMENT_TEAM = CWRPBX9CLY;
				GENERATE_INFOPLIST_FILE = YES;
				INFOPLIST_FILE = ListUp/Info.plist;
				INFOPLIST_KEY_UIApplicationSupportsIndirectInputEvents = YES;
				INFOPLIST_KEY_UILaunchStoryboardName = LaunchScreen;
				INFOPLIST_KEY_UISupportedInterfaceOrientations_iPad = "UIInterfaceOrientationPortrait UIInterfaceOrientationPortraitUpsideDown UIInterfaceOrientationLandscapeLeft UIInterfaceOrientationLandscapeRight";
				INFOPLIST_KEY_UISupportedInterfaceOrientations_iPhone = "UIInterfaceOrientationPortrait UIInterfaceOrientationLandscapeLeft UIInterfaceOrientationLandscapeRight";
				LD_RUNPATH_SEARCH_PATHS = (
					"$(inherited)",
					"@executable_path/Frameworks",
				);
				MARKETING_VERSION = 1.0;
				PRODUCT_BUNDLE_IDENTIFIER = com.HeeCheol.ListUp;
				PRODUCT_NAME = "$(TARGET_NAME)";
				SWIFT_EMIT_LOC_STRINGS = YES;
				SWIFT_VERSION = 5.0;
				TARGETED_DEVICE_FAMILY = "1,2";
			};
			name = Debug;
		};
		25D5FF142C7D54A200DCC01C /* Release */ = {
			isa = XCBuildConfiguration;
			buildSettings = {
				ASSETCATALOG_COMPILER_APPICON_NAME = "AppIcon 1";
				ASSETCATALOG_COMPILER_GLOBAL_ACCENT_COLOR_NAME = AccentColor;
				CODE_SIGN_STYLE = Automatic;
				CURRENT_PROJECT_VERSION = 1;
				DEVELOPMENT_TEAM = CWRPBX9CLY;
				GENERATE_INFOPLIST_FILE = YES;
				INFOPLIST_FILE = ListUp/Info.plist;
				INFOPLIST_KEY_UIApplicationSupportsIndirectInputEvents = YES;
				INFOPLIST_KEY_UILaunchStoryboardName = LaunchScreen;
				INFOPLIST_KEY_UISupportedInterfaceOrientations_iPad = "UIInterfaceOrientationPortrait UIInterfaceOrientationPortraitUpsideDown UIInterfaceOrientationLandscapeLeft UIInterfaceOrientationLandscapeRight";
				INFOPLIST_KEY_UISupportedInterfaceOrientations_iPhone = "UIInterfaceOrientationPortrait UIInterfaceOrientationLandscapeLeft UIInterfaceOrientationLandscapeRight";
				LD_RUNPATH_SEARCH_PATHS = (
					"$(inherited)",
					"@executable_path/Frameworks",
				);
				MARKETING_VERSION = 1.0;
				PRODUCT_BUNDLE_IDENTIFIER = com.HeeCheol.ListUp;
				PRODUCT_NAME = "$(TARGET_NAME)";
				SWIFT_EMIT_LOC_STRINGS = YES;
				SWIFT_VERSION = 5.0;
				TARGETED_DEVICE_FAMILY = "1,2";
			};
			name = Release;
		};
/* End XCBuildConfiguration section */

/* Begin XCConfigurationList section */
		25D5FEF92C7D54A100DCC01C /* Build configuration list for PBXProject "ListUp" */ = {
			isa = XCConfigurationList;
			buildConfigurations = (
				25D5FF102C7D54A200DCC01C /* Debug */,
				25D5FF112C7D54A200DCC01C /* Release */,
			);
			defaultConfigurationIsVisible = 0;
			defaultConfigurationName = Release;
		};
		25D5FF122C7D54A200DCC01C /* Build configuration list for PBXNativeTarget "ListUp" */ = {
			isa = XCConfigurationList;
			buildConfigurations = (
				25D5FF132C7D54A200DCC01C /* Debug */,
				25D5FF142C7D54A200DCC01C /* Release */,
			);
			defaultConfigurationIsVisible = 0;
			defaultConfigurationName = Release;
		};
/* End XCConfigurationList section */
	};
	rootObject = 25D5FEF62C7D54A100DCC01C /* Project object */;
}
